
Microsoft Visual Studio Solution File, Format Version 12.00
# Visual Studio 15
VisualStudioVersion = 15.0.28307.572
MinimumVisualStudioVersion = 10.0.40219.1
Project("{FAE04EC0-301F-11D3-BF4B-00C04F79EFBC}") = "Command", "Command\Command.csproj", "{77CD0740-D2D5-415E-9D7F-F6C6D0652357}"
EndProject
Global
	GlobalSection(SolutionConfigurationPlatforms) = preSolution
		Debug|Any CPU = Debug|Any CPU
		Release|Any CPU = Release|Any CPU
	EndGlobalSection
	GlobalSection(ProjectConfigurationPlatforms) = postSolution
		{77CD0740-D2D5-415E-9D7F-F6C6D0652357}.Debug|Any CPU.ActiveCfg = Debug|Any CPU
		{77CD0740-D2D5-415E-9D7F-F6C6D0652357}.Debug|Any CPU.Build.0 = Debug|Any CPU
		{77CD0740-D2D5-415E-9D7F-F6C6D0652357}.Release|Any CPU.ActiveCfg = Release|Any CPU
		{77CD0740-D2D5-415E-9D7F-F6C6D0652357}.Release|Any CPU.Build.0 = Release|Any CPU
	EndGlobalSection
	GlobalSection(SolutionProperties) = preSolution
		HideSolutionNode = FALSE
	EndGlobalSection
	GlobalSection(ExtensibilityGlobals) = postSolution
		SolutionGuid = {E14F27A9-D313-46A6-BDA5-AB5094D30AE7}
	EndGlobalSection
EndGlobal
