
Microsoft Visual Studio Solution File, Format Version 12.00
# Visual Studio 15
VisualStudioVersion = 15.0.28307.572
MinimumVisualStudioVersion = 10.0.40219.1
Project("{FAE04EC0-301F-11D3-BF4B-00C04F79EFBC}") = "Visitor", "Visitor\Visitor.csproj", "{DA525A72-1DDB-4C3D-B05A-F1B470B3825E}"
EndProject
Global
	GlobalSection(SolutionConfigurationPlatforms) = preSolution
		Debug|Any CPU = Debug|Any CPU
		Release|Any CPU = Release|Any CPU
	EndGlobalSection
	GlobalSection(ProjectConfigurationPlatforms) = postSolution
		{DA525A72-1DDB-4C3D-B05A-F1B470B3825E}.Debug|Any CPU.ActiveCfg = Debug|Any CPU
		{DA525A72-1DDB-4C3D-B05A-F1B470B3825E}.Debug|Any CPU.Build.0 = Debug|Any CPU
		{DA525A72-1DDB-4C3D-B05A-F1B470B3825E}.Release|Any CPU.ActiveCfg = Release|Any CPU
		{DA525A72-1DDB-4C3D-B05A-F1B470B3825E}.Release|Any CPU.Build.0 = Release|Any CPU
	EndGlobalSection
	GlobalSection(SolutionProperties) = preSolution
		HideSolutionNode = FALSE
	EndGlobalSection
	GlobalSection(ExtensibilityGlobals) = postSolution
		SolutionGuid = {1BCD2298-548E-49A1-AACA-4D87D773FF30}
	EndGlobalSection
EndGlobal
