
Microsoft Visual Studio Solution File, Format Version 12.00
# Visual Studio 15
VisualStudioVersion = 15.0.28307.572
MinimumVisualStudioVersion = 10.0.40219.1
Project("{FAE04EC0-301F-11D3-BF4B-00C04F79EFBC}") = "ChainResponsability", "ChainResponsability\ChainResponsability.csproj", "{F1CE3BE5-81CB-42D9-93BC-6379AFC61CFB}"
EndProject
Global
	GlobalSection(SolutionConfigurationPlatforms) = preSolution
		Debug|Any CPU = Debug|Any CPU
		Release|Any CPU = Release|Any CPU
	EndGlobalSection
	GlobalSection(ProjectConfigurationPlatforms) = postSolution
		{F1CE3BE5-81CB-42D9-93BC-6379AFC61CFB}.Debug|Any CPU.ActiveCfg = Debug|Any CPU
		{F1CE3BE5-81CB-42D9-93BC-6379AFC61CFB}.Debug|Any CPU.Build.0 = Debug|Any CPU
		{F1CE3BE5-81CB-42D9-93BC-6379AFC61CFB}.Release|Any CPU.ActiveCfg = Release|Any CPU
		{F1CE3BE5-81CB-42D9-93BC-6379AFC61CFB}.Release|Any CPU.Build.0 = Release|Any CPU
	EndGlobalSection
	GlobalSection(SolutionProperties) = preSolution
		HideSolutionNode = FALSE
	EndGlobalSection
	GlobalSection(ExtensibilityGlobals) = postSolution
		SolutionGuid = {A07F5CF4-447F-420C-A045-FE5A07E80D2D}
	EndGlobalSection
EndGlobal
